
Microsoft Visual Studio Solution File, Format Version 12.00
# Visual Studio Version 17
VisualStudioVersion = 17.5.33424.131
MinimumVisualStudioVersion = 10.0.40219.1
Project("{9A19103F-16F7-4668-BE54-9A1E7A4F7556}") = "LAB03-ED1-G", "LAB03-ED1-G.csproj", "{4D2893BF-E02C-4DAE-A7EE-9C3C6775403E}"
EndProject
Project("{9A19103F-16F7-4668-BE54-9A1E7A4F7556}") = "Clases", "Clases\Clases.csproj", "{E689DC4A-750B-4DD1-8EDB-9F04ACE26FE4}"
EndProject
Global
	GlobalSection(SolutionConfigurationPlatforms) = preSolution
		Debug|Any CPU = Debug|Any CPU
		Release|Any CPU = Release|Any CPU
	EndGlobalSection
	GlobalSection(ProjectConfigurationPlatforms) = postSolution
		{4D2893BF-E02C-4DAE-A7EE-9C3C6775403E}.Debug|Any CPU.ActiveCfg = Debug|Any CPU
		{4D2893BF-E02C-4DAE-A7EE-9C3C6775403E}.Debug|Any CPU.Build.0 = Debug|Any CPU
		{4D2893BF-E02C-4DAE-A7EE-9C3C6775403E}.Release|Any CPU.ActiveCfg = Release|Any CPU
		{4D2893BF-E02C-4DAE-A7EE-9C3C6775403E}.Release|Any CPU.Build.0 = Release|Any CPU
		{E689DC4A-750B-4DD1-8EDB-9F04ACE26FE4}.Debug|Any CPU.ActiveCfg = Debug|Any CPU
		{E689DC4A-750B-4DD1-8EDB-9F04ACE26FE4}.Debug|Any CPU.Build.0 = Debug|Any CPU
		{E689DC4A-750B-4DD1-8EDB-9F04ACE26FE4}.Release|Any CPU.ActiveCfg = Release|Any CPU
		{E689DC4A-750B-4DD1-8EDB-9F04ACE26FE4}.Release|Any CPU.Build.0 = Release|Any CPU
	EndGlobalSection
	GlobalSection(SolutionProperties) = preSolution
		HideSolutionNode = FALSE
	EndGlobalSection
	GlobalSection(ExtensibilityGlobals) = postSolution
		SolutionGuid = {20AC4406-563A-45D9-890A-1B3E5E579782}
	EndGlobalSection
EndGlobal
